
Microsoft Visual Studio Solution File, Format Version 12.00
# Visual Studio Version 17
VisualStudioVersion = 17.4.33110.190
MinimumVisualStudioVersion = 10.0.40219.1
Project("{FAE04EC0-301F-11D3-BF4B-00C04F79EFBC}") = "PeopleRegistrationDatabaseAPI", "PeopleRegistrationDatabaseAPI\PeopleRegistrationDatabaseAPI.csproj", "{EB85A0C4-0127-432E-B00F-8C39BB3E311E}"
EndProject
Global
	GlobalSection(SolutionConfigurationPlatforms) = preSolution
		Debug|Any CPU = Debug|Any CPU
		Release|Any CPU = Release|Any CPU
	EndGlobalSection
	GlobalSection(ProjectConfigurationPlatforms) = postSolution
		{EB85A0C4-0127-432E-B00F-8C39BB3E311E}.Debug|Any CPU.ActiveCfg = Debug|Any CPU
		{EB85A0C4-0127-432E-B00F-8C39BB3E311E}.Debug|Any CPU.Build.0 = Debug|Any CPU
		{EB85A0C4-0127-432E-B00F-8C39BB3E311E}.Release|Any CPU.ActiveCfg = Release|Any CPU
		{EB85A0C4-0127-432E-B00F-8C39BB3E311E}.Release|Any CPU.Build.0 = Release|Any CPU
	EndGlobalSection
	GlobalSection(SolutionProperties) = preSolution
		HideSolutionNode = FALSE
	EndGlobalSection
	GlobalSection(ExtensibilityGlobals) = postSolution
		SolutionGuid = {523DA862-48FD-4ED6-9385-DDBA014311D0}
	EndGlobalSection
EndGlobal
